
Microsoft Visual Studio Solution File, Format Version 12.00
# Visual Studio Version 16
VisualStudioVersion = 16.0.30907.101
MinimumVisualStudioVersion = 10.0.40219.1
Project("{9A19103F-16F7-4668-BE54-9A1E7A4F7556}") = "Gimatria", "Gimatria.csproj", "{E49BA245-E869-4334-B6F2-55228E401984}"
EndProject
Global
	GlobalSection(SolutionConfigurationPlatforms) = preSolution
		Debug|Any CPU = Debug|Any CPU
		Release|Any CPU = Release|Any CPU
	EndGlobalSection
	GlobalSection(ProjectConfigurationPlatforms) = postSolution
		{E49BA245-E869-4334-B6F2-55228E401984}.Debug|Any CPU.ActiveCfg = Debug|Any CPU
		{E49BA245-E869-4334-B6F2-55228E401984}.Debug|Any CPU.Build.0 = Debug|Any CPU
		{E49BA245-E869-4334-B6F2-55228E401984}.Release|Any CPU.ActiveCfg = Release|Any CPU
		{E49BA245-E869-4334-B6F2-55228E401984}.Release|Any CPU.Build.0 = Release|Any CPU
	EndGlobalSection
	GlobalSection(SolutionProperties) = preSolution
		HideSolutionNode = FALSE
	EndGlobalSection
	GlobalSection(ExtensibilityGlobals) = postSolution
		SolutionGuid = {3542685E-F749-43C3-AFDD-52C15D471CB2}
	EndGlobalSection
EndGlobal
